
Microsoft Visual Studio Solution File, Format Version 12.00
# Visual Studio Version 17
VisualStudioVersion = 17.5.002.0
MinimumVisualStudioVersion = 10.0.40219.1
Project("{9A19103F-16F7-4668-BE54-9A1E7A4F7556}") = "websockets", "websockets.csproj", "{4AEA8E6F-D07D-4F04-AAE4-9ACF03F4FC8D}"
EndProject
Project("{9A19103F-16F7-4668-BE54-9A1E7A4F7556}") = "SymmetricEncryption", "..\SymmetricEncryption\SymmetricEncryption.csproj", "{DDEF158A-4C77-4E22-B80B-F48C93276F93}"
EndProject
Project("{9A19103F-16F7-4668-BE54-9A1E7A4F7556}") = "DPAPI", "..\DPAPI\DPAPI.csproj", "{C83D31F6-93A1-4F8D-91EB-D22AD94F48F5}"
EndProject
Project("{FAE04EC0-301F-11D3-BF4B-00C04F79EFBC}") = "HttpsConfiguration", "..\HttpsConfiguration\HttpsConfiguration.csproj", "{220A4398-F120-4F39-9183-987C0759C7FD}"
EndProject
Global
	GlobalSection(SolutionConfigurationPlatforms) = preSolution
		Debug|Any CPU = Debug|Any CPU
		Release|Any CPU = Release|Any CPU
	EndGlobalSection
	GlobalSection(ProjectConfigurationPlatforms) = postSolution
		{4AEA8E6F-D07D-4F04-AAE4-9ACF03F4FC8D}.Debug|Any CPU.ActiveCfg = Debug|Any CPU
		{4AEA8E6F-D07D-4F04-AAE4-9ACF03F4FC8D}.Debug|Any CPU.Build.0 = Debug|Any CPU
		{4AEA8E6F-D07D-4F04-AAE4-9ACF03F4FC8D}.Release|Any CPU.ActiveCfg = Release|Any CPU
		{4AEA8E6F-D07D-4F04-AAE4-9ACF03F4FC8D}.Release|Any CPU.Build.0 = Release|Any CPU
		{DDEF158A-4C77-4E22-B80B-F48C93276F93}.Debug|Any CPU.ActiveCfg = Debug|Any CPU
		{DDEF158A-4C77-4E22-B80B-F48C93276F93}.Debug|Any CPU.Build.0 = Debug|Any CPU
		{DDEF158A-4C77-4E22-B80B-F48C93276F93}.Release|Any CPU.ActiveCfg = Release|Any CPU
		{DDEF158A-4C77-4E22-B80B-F48C93276F93}.Release|Any CPU.Build.0 = Release|Any CPU
		{C83D31F6-93A1-4F8D-91EB-D22AD94F48F5}.Debug|Any CPU.ActiveCfg = Debug|Any CPU
		{C83D31F6-93A1-4F8D-91EB-D22AD94F48F5}.Debug|Any CPU.Build.0 = Debug|Any CPU
		{C83D31F6-93A1-4F8D-91EB-D22AD94F48F5}.Release|Any CPU.ActiveCfg = Release|Any CPU
		{C83D31F6-93A1-4F8D-91EB-D22AD94F48F5}.Release|Any CPU.Build.0 = Release|Any CPU
		{220A4398-F120-4F39-9183-987C0759C7FD}.Debug|Any CPU.ActiveCfg = Debug|Any CPU
		{220A4398-F120-4F39-9183-987C0759C7FD}.Debug|Any CPU.Build.0 = Debug|Any CPU
		{220A4398-F120-4F39-9183-987C0759C7FD}.Release|Any CPU.ActiveCfg = Release|Any CPU
		{220A4398-F120-4F39-9183-987C0759C7FD}.Release|Any CPU.Build.0 = Release|Any CPU
	EndGlobalSection
	GlobalSection(SolutionProperties) = preSolution
		HideSolutionNode = FALSE
	EndGlobalSection
	GlobalSection(ExtensibilityGlobals) = postSolution
		SolutionGuid = {95E38724-BD9A-4B82-AD95-A3E6F4FB823C}
	EndGlobalSection
EndGlobal
